<Solution>
	<Configurations>
		<BuildType Name="Debug" />
		<BuildType Name="Release" />
		<BuildType Name="Source" />
		<Platform Name="Any CPU" />
		<Platform Name="x64" />
		<Platform Name="x86" />
	</Configurations>
	<Folder Name="/0.DeepMeta/" />
	<Folder Name="/0.DeepMeta/0.Common/">
		<Project Path="DeepMeta/DeepCore.Console/DeepCore.Console.csproj" />
		<Project Path="DeepMeta/DeepCore.Event.Debug/DeepCore.Event.Debug.csproj" />
		<Project Path="DeepMeta/DeepCore.Event.Lua/DeepCore.Event.Lua.csproj" />
		<Project Path="DeepMeta/DeepCore.Event/DeepCore.Event.csproj" />
		<Project Path="DeepMeta/DeepCore.Geometry/DeepCore.Geometry.csproj" />
		<Project Path="DeepMeta/DeepCore.Net.WebSocket/DeepCore.Net.WebSocket.csproj" />
		<Project Path="DeepMeta/DeepCore.Net/DeepCore.Net.csproj" />
		<Project Path="DeepMeta/DeepCore.SharpZipLib/DeepCore.SharpZipLib.csproj" />
		<Project Path="DeepMeta/DeepCore.Template.MoonSharp/DeepCore.Template.MoonSharp.csproj" />
		<Project Path="DeepMeta/DeepCore.Template.NewtonJson/DeepCore.Template.NewtonJson.csproj" />
		<Project Path="DeepMeta/DeepCore.Voxel/DeepCore.Voxel.csproj" />
		<Project Path="DeepMeta/DeepCore.VoxelWorld/DeepCore.VoxelWorld.csproj" />
		<Project Path="DeepMeta/DeepCore/DeepCore.csproj" />
		<Project Path="DeepMeta/DeepOpenAI/DeepOpenAI.csproj" />
	</Folder>
	<Folder Name="/0.DeepMeta/1.Game/">
		<Project Path="DeepMeta/DeepMetaGame.CLI/DeepMetaGame.CLI.csproj" />
		<Project Path="DeepMeta/DeepMetaGame.Data/DeepMetaGame.Data.csproj" />
		<Project Path="DeepMeta/DeepMetaGame.Display/DeepMetaGame.Display.csproj" />
		<Project Path="DeepMeta/DeepMetaGame.Host/DeepMetaGame.Host.csproj" />
		<Project Path="DeepMeta/DeepMetaGame.Slave/DeepMetaGame.Slave.csproj" />
		<Project Path="DeepMeta/DeepMetaGame.Tools/DeepMetaGame.Tools.csproj" />
		<Project Path="DeepMeta/DeepMetaGame.Unity/DeepMetaGame.Unity.csproj" />
		<Project Path="DeepMeta/DeepMetaGame.UnityAssets/DeepMetaGame.UnityAssets.csproj" />
		<Project Path="DeepMeta/DeepMetaGame.UnityPreview/DeepMetaGame.UnityPreview.csproj" />
		<Project Path="DeepMeta/DeepMetaGame.Win32/DeepMetaGame.Win32.csproj" />
		<Project Path="DeepMeta/DeepMetaGame.ZoneClient/DeepMetaGame.ZoneClient.csproj" />
		<Project Path="DeepMeta/DeepMetaGame.ZoneServer/DeepMetaGame.ZoneServer.csproj" />
	</Folder>
	<Folder Name="/0.DeepMeta/2.Client/">
		<Project Path="DeepMeta/DeepCore.GUI.Display/DeepCore.GUI.Display.csproj" />
		<Project Path="DeepMeta/DeepCore.GUI.FairyGUI/DeepCore.GUI.FairyGUI.csproj" />
		<Project Path="DeepMeta/DeepCore.GUI/DeepCore.GUI.csproj" />
		<Project Path="DeepMeta/DeepCore.MPQ/DeepCore.MPQ.csproj" />
		<Project Path="DeepMeta/DeepCore.Unity.Assets/DeepCore.Unity.Assets.csproj" />
		<Project Path="DeepMeta/DeepCore.Unity.GUI/DeepCore.Unity.GUI.csproj" />
		<Project Path="DeepMeta/DeepCore.Unity/DeepCore.Unity.csproj" />
		<Project Path="DeepMeta/DeepCore.Unity3D.Win32/DeepCore.Unity3D.Win32.csproj" />
		<Project Path="DeepMeta/DeepCore.Unity3D/DeepCore.Unity3D.csproj" />
		<Project Path="DeepMeta/DeepCore.UnityEditor/DeepCore.UnityEditor.csproj" />
	</Folder>
	<Folder Name="/0.DeepMeta/3.Server/">
		<Project Path="DeepMeta/DeepCrystal/DeepCrystal.csproj" />
		<Project Path="DeepMeta/DeepFrozen.MySQL/DeepFrozen.MySQL.csproj" />
		<Project Path="DeepMeta/DeepFrozen.Redis/DeepFrozen.Redis.csproj" />
		<Project Path="DeepMeta/DeepFrozen.RPC.ICE/DeepFrozen.RPC.ICE.csproj" />
		<Project Path="DeepMeta/DeepFrozen.RPC/DeepFrozen.RPC.csproj" />
		<Project Path="DeepMeta/DeepFrozen.Server.NetUV/DeepFrozen.Server.NetUV.csproj" />
		<Project Path="DeepMeta/DeepFrozen.Server.SSocket2/DeepFrozen.Server.SSocket2.csproj" />
	</Folder>
	<Folder Name="/0.DeepMeta/5.EditorAndTools/">
		<Project Path="DeepMeta/DeepEditor.Common/DeepEditor.Common.csproj" />
		<Project Path="DeepMeta/DeepTools.CodeGen/DeepTools.CodeGen.csproj" />
		<Project Path="DeepMeta/DeepTools.DBLauncher/DeepTools.DBLauncher.csproj" />
		<Project Path="DeepMeta/DeepTools.MPQUpdate/DeepTools.MPQUpdate.csproj" />
		<Project Path="DeepMeta/DeepTools.NuGetIncrement/DeepTools.NuGetIncrement.csproj" />
		<Project Path="DeepMeta/DeepTools.SvnCombiner/DeepTools.SvnCombiner.csproj" />
		<Project Path="DeepMeta/DeepTools.Voxel/DeepTools.Voxel.csproj" />
		<Project Path="DeepMeta/DeepTools.XLS2Lang/DeepTools.XLS2Lang.csproj" />
	</Folder>
	<Folder Name="/0.DeepMeta/6.MMO/">
		<Project Path="DeepMeta/Gate.Client/Gate.Client.csproj" />
		<Project Path="DeepMeta/Gate.Data/Gate.Data.csproj" />
		<Project Path="DeepMeta/Gate.Server.Main/Gate.Server.Main.csproj" />
		<Project Path="DeepMeta/Gate.Server/Gate.Server.csproj" />
		<Project Path="DeepMeta/MMO.Client/MMO.Client.csproj" />
		<Project Path="DeepMeta/MMO.Server.Main/MMO.Server.Main.csproj" />
		<Project Path="DeepMeta/MMO.Server/MMO.Server.csproj" />
	</Folder>
	<Folder Name="/2._Temp_Battle/">
		<Project Path="_Temp_Src/_Temp_.Battle/_Temp_.Battle.csproj" />
		<Project Path="_Temp_Src/_Temp_.Client.Unity/_Temp_.Client.Unity.csproj" />
		<Project Path="_Temp_Src/_Temp_.Client.UnityAssets/_Temp_.Client.UnityAssets.csproj" />
		<Project Path="_Temp_Src/_Temp_.Client.UnityPreview/_Temp_.Client.UnityPreview.csproj" />
		<Project Path="_Temp_Src/_Temp_.Client/_Temp_.Client.csproj" />
		<Project Path="_Temp_Src/_Temp_.Codec/_Temp_.Codec.csproj">
			<BuildDependency Project="_Temp_Src/_Temp_.Gen/_Temp_.Gen.csproj" />
		</Project>
		<Project Path="_Temp_Src/_Temp_.Gen/_Temp_.Gen.csproj" />
		<Project Path="_Temp_Src/_Temp_.Protocol/_Temp_.Protocol.csproj" />
		<Project Path="_Temp_Src/_Temp_.Server.Main/_Temp_.ServerMain.csproj" />
		<Project Path="_Temp_Src/_Temp_.Server/_Temp_.Server.csproj" />
		<Project Path="_Temp_Src/_Temp_.Service.Logic/_Temp_.Service.Logic.csproj" />
		<Project Path="_Temp_Src/_Temp_.Tools.CLI/_Temp_.Tools.CLI.csproj" />
		<Project Path="_Temp_Src/_Temp_.Win32Editor/_Temp_.Win32Editor.csproj" />
	</Folder>
	<Folder Name="/解决方案项/" />
</Solution>